
Microsoft Visual Studio Solution File, Format Version 12.00
# Visual Studio 15
VisualStudioVersion = 15.0.28307.1401
MinimumVisualStudioVersion = 10.0.40219.1
Project("{FAE04EC0-301F-11D3-BF4B-00C04F79EFBC}") = "MIIPL.Sockets.Server", "MIIPL.Sockets.Server\MIIPL.Sockets.Server.csproj", "{7793649A-3541-4808-866E-DCC3A61D86E0}"
EndProject
Project("{FAE04EC0-301F-11D3-BF4B-00C04F79EFBC}") = "Server", "Server\Server.csproj", "{DAF22E3E-9536-458C-B1EA-9F1FA833C8A7}"
EndProject
Project("{FAE04EC0-301F-11D3-BF4B-00C04F79EFBC}") = "MIIPL.Sockets.Client", "MIIPL.Sockets.Client\MIIPL.Sockets.Client.csproj", "{EB62D6A7-31C7-4AD6-8327-7E01E5EBD03D}"
EndProject
Project("{FAE04EC0-301F-11D3-BF4B-00C04F79EFBC}") = "MIIPL.Common.Server", "MIIPL.Common.Server\MIIPL.Common.Server.csproj", "{C9978191-4EC5-41F5-A99A-5FF1BAD15F6B}"
EndProject
Global
	GlobalSection(SolutionConfigurationPlatforms) = preSolution
		Debug|Any CPU = Debug|Any CPU
		Release|Any CPU = Release|Any CPU
	EndGlobalSection
	GlobalSection(ProjectConfigurationPlatforms) = postSolution
		{7793649A-3541-4808-866E-DCC3A61D86E0}.Debug|Any CPU.ActiveCfg = Debug|Any CPU
		{7793649A-3541-4808-866E-DCC3A61D86E0}.Debug|Any CPU.Build.0 = Debug|Any CPU
		{7793649A-3541-4808-866E-DCC3A61D86E0}.Release|Any CPU.ActiveCfg = Release|Any CPU
		{7793649A-3541-4808-866E-DCC3A61D86E0}.Release|Any CPU.Build.0 = Release|Any CPU
		{DAF22E3E-9536-458C-B1EA-9F1FA833C8A7}.Debug|Any CPU.ActiveCfg = Debug|Any CPU
		{DAF22E3E-9536-458C-B1EA-9F1FA833C8A7}.Debug|Any CPU.Build.0 = Debug|Any CPU
		{DAF22E3E-9536-458C-B1EA-9F1FA833C8A7}.Release|Any CPU.ActiveCfg = Release|Any CPU
		{DAF22E3E-9536-458C-B1EA-9F1FA833C8A7}.Release|Any CPU.Build.0 = Release|Any CPU
		{EB62D6A7-31C7-4AD6-8327-7E01E5EBD03D}.Debug|Any CPU.ActiveCfg = Debug|Any CPU
		{EB62D6A7-31C7-4AD6-8327-7E01E5EBD03D}.Debug|Any CPU.Build.0 = Debug|Any CPU
		{EB62D6A7-31C7-4AD6-8327-7E01E5EBD03D}.Release|Any CPU.ActiveCfg = Release|Any CPU
		{EB62D6A7-31C7-4AD6-8327-7E01E5EBD03D}.Release|Any CPU.Build.0 = Release|Any CPU
		{C9978191-4EC5-41F5-A99A-5FF1BAD15F6B}.Debug|Any CPU.ActiveCfg = Debug|Any CPU
		{C9978191-4EC5-41F5-A99A-5FF1BAD15F6B}.Debug|Any CPU.Build.0 = Debug|Any CPU
		{C9978191-4EC5-41F5-A99A-5FF1BAD15F6B}.Release|Any CPU.ActiveCfg = Release|Any CPU
		{C9978191-4EC5-41F5-A99A-5FF1BAD15F6B}.Release|Any CPU.Build.0 = Release|Any CPU
	EndGlobalSection
	GlobalSection(SolutionProperties) = preSolution
		HideSolutionNode = FALSE
	EndGlobalSection
	GlobalSection(ExtensibilityGlobals) = postSolution
		SolutionGuid = {FD2ED6A6-D4D0-459B-BED3-7C4B7FC5791E}
	EndGlobalSection
EndGlobal
